
Microsoft Visual Studio Solution File, Format Version 12.00
# Visual Studio Version 17
VisualStudioVersion = 17.13.35919.96 d17.13
MinimumVisualStudioVersion = 10.0.40219.1
Project("{FAE04EC0-301F-11D3-BF4B-00C04F79EFBC}") = "Gonzalez_F_Liga Pro", "Gonzalez_F_Liga Pro\Gonzalez_F_Liga Pro.csproj", "{91648E62-CE4A-4B64-83DE-6074DB40F180}"
EndProject
Global
	GlobalSection(SolutionConfigurationPlatforms) = preSolution
		Debug|Any CPU = Debug|Any CPU
		Release|Any CPU = Release|Any CPU
	EndGlobalSection
	GlobalSection(ProjectConfigurationPlatforms) = postSolution
		{91648E62-CE4A-4B64-83DE-6074DB40F180}.Debug|Any CPU.ActiveCfg = Debug|Any CPU
		{91648E62-CE4A-4B64-83DE-6074DB40F180}.Debug|Any CPU.Build.0 = Debug|Any CPU
		{91648E62-CE4A-4B64-83DE-6074DB40F180}.Release|Any CPU.ActiveCfg = Release|Any CPU
		{91648E62-CE4A-4B64-83DE-6074DB40F180}.Release|Any CPU.Build.0 = Release|Any CPU
	EndGlobalSection
	GlobalSection(SolutionProperties) = preSolution
		HideSolutionNode = FALSE
	EndGlobalSection
	GlobalSection(ExtensibilityGlobals) = postSolution
		SolutionGuid = {311EE2A2-A75F-4C94-884B-89DF8B32E30C}
	EndGlobalSection
EndGlobal
